// !$*UTF8*$!
{
	archiveVersion = 1;
	classes = {
	};
	objectVersion = 46;
	objects = {

/* Begin PBXBuildFile section */
		6E8F19141688E8FB0065EDE8 /* ZUUIRevealController.m in Sources */ = {isa = PBXBuildFile; fileRef = 6E8F19131688E8FB0065EDE8 /* ZUUIRevealController.m */; };
		6E8F19171688F7E10065EDE8 /* WSRevealViewController.m in Sources */ = {isa = PBXBuildFile; fileRef = 6E8F19161688F7E10065EDE8 /* WSRevealViewController.m */; };
		6E8F191C168902AD0065EDE8 /* WSRearViewController.m in Sources */ = {isa = PBXBuildFile; fileRef = 6E8F1919168902AD0065EDE8 /* WSRearViewController.m */; };
		6E8F191D168902AD0065EDE8 /* WSFrontViewController.m in Sources */ = {isa = PBXBuildFile; fileRef = 6E8F191B168902AD0065EDE8 /* WSFrontViewController.m */; };
		6E8F1926168904400065EDE8 /* WSLogoView.m in Sources */ = {isa = PBXBuildFile; fileRef = 6E8F191F1689043F0065EDE8 /* WSLogoView.m */; };
		6E8F1927168904400065EDE8 /* WSLogoLabel.m in Sources */ = {isa = PBXBuildFile; fileRef = 6E8F1921168904400065EDE8 /* WSLogoLabel.m */; };
		6E8F1928168904400065EDE8 /* WSColorPalette.m in Sources */ = {isa = PBXBuildFile; fileRef = 6E8F1923168904400065EDE8 /* WSColorPalette.m */; };
		6E8F1929168904400065EDE8 /* CircleView.m in Sources */ = {isa = PBXBuildFile; fileRef = 6E8F1925168904400065EDE8 /* CircleView.m */; };
		6E8F192F168911B60065EDE8 /* Accelerate.framework in Frameworks */ = {isa = PBXBuildFile; fileRef = 6E8F192C168911B60065EDE8 /* Accelerate.framework */; };
		6E8F1930168911B60065EDE8 /* CFNetwork.framework in Frameworks */ = {isa = PBXBuildFile; fileRef = 6E8F192D168911B60065EDE8 /* CFNetwork.framework */; };
		6E8F1931168911B60065EDE8 /* CoreBluetooth.framework in Frameworks */ = {isa = PBXBuildFile; fileRef = 6E8F192E168911B60065EDE8 /* CoreBluetooth.framework */; };
		6E8F193C168912050065EDE8 /* CoreData.framework in Frameworks */ = {isa = PBXBuildFile; fileRef = 6E8F1932168912040065EDE8 /* CoreData.framework */; };
		6E8F193D168912050065EDE8 /* CoreLocation.framework in Frameworks */ = {isa = PBXBuildFile; fileRef = 6E8F1933168912050065EDE8 /* CoreLocation.framework */; };
		6E8F193E168912050065EDE8 /* CoreMotion.framework in Frameworks */ = {isa = PBXBuildFile; fileRef = 6E8F1934168912050065EDE8 /* CoreMotion.framework */; };
		6E8F193F168912050065EDE8 /* CoreTelephony.framework in Frameworks */ = {isa = PBXBuildFile; fileRef = 6E8F1935168912050065EDE8 /* CoreTelephony.framework */; };
		6E8F1940168912050065EDE8 /* GameKit.framework in Frameworks */ = {isa = PBXBuildFile; fileRef = 6E8F1936168912050065EDE8 /* GameKit.framework */; };
		6E8F1941168912050065EDE8 /* MapKit.framework in Frameworks */ = {isa = PBXBuildFile; fileRef = 6E8F1937168912050065EDE8 /* MapKit.framework */; };
		6E8F1942168912050065EDE8 /* QuartzCore.framework in Frameworks */ = {isa = PBXBuildFile; fileRef = 6E8F1938168912050065EDE8 /* QuartzCore.framework */; };
		6E8F1943168912050065EDE8 /* Security.framework in Frameworks */ = {isa = PBXBuildFile; fileRef = 6E8F1939168912050065EDE8 /* Security.framework */; };
		6E8F1944168912050065EDE8 /* Social.framework in Frameworks */ = {isa = PBXBuildFile; fileRef = 6E8F193A168912050065EDE8 /* Social.framework */; };
		6E8F1945168912050065EDE8 /* Twitter.framework in Frameworks */ = {isa = PBXBuildFile; fileRef = 6E8F193B168912050065EDE8 /* Twitter.framework */; };
		6E8F19471689125D0065EDE8 /* libsqlite3.dylib in Frameworks */ = {isa = PBXBuildFile; fileRef = 6E8F19461689125D0065EDE8 /* libsqlite3.dylib */; };
		6E8F1949168912640065EDE8 /* libz.dylib in Frameworks */ = {isa = PBXBuildFile; fileRef = 6E8F1948168912630065EDE8 /* libz.dylib */; };
		6E8F194B1689126F0065EDE8 /* libstdc++.dylib in Frameworks */ = {isa = PBXBuildFile; fileRef = 6E8F194A1689126F0065EDE8 /* libstdc++.dylib */; };
		6E8F194E168912AE0065EDE8 /* EventKit.framework in Frameworks */ = {isa = PBXBuildFile; fileRef = 6E8F194C168912AE0065EDE8 /* EventKit.framework */; };
		6E8F194F168912AE0065EDE8 /* EventKitUI.framework in Frameworks */ = {isa = PBXBuildFile; fileRef = 6E8F194D168912AE0065EDE8 /* EventKitUI.framework */; };
		6E8F1951168912CD0065EDE8 /* MessageUI.framework in Frameworks */ = {isa = PBXBuildFile; fileRef = 6E8F1950168912CD0065EDE8 /* MessageUI.framework */; };
		6EAC30AF1688BA2A00815B64 /* UIKit.framework in Frameworks */ = {isa = PBXBuildFile; fileRef = 6EAC30AE1688BA2A00815B64 /* UIKit.framework */; };
		6EAC30B11688BA2A00815B64 /* Foundation.framework in Frameworks */ = {isa = PBXBuildFile; fileRef = 6EAC30B01688BA2A00815B64 /* Foundation.framework */; };
		6EAC30B31688BA2A00815B64 /* CoreGraphics.framework in Frameworks */ = {isa = PBXBuildFile; fileRef = 6EAC30B21688BA2A00815B64 /* CoreGraphics.framework */; };
		6EAC30B91688BA2A00815B64 /* InfoPlist.strings in Resources */ = {isa = PBXBuildFile; fileRef = 6EAC30B71688BA2A00815B64 /* InfoPlist.strings */; };
		6EAC30BB1688BA2A00815B64 /* main.m in Sources */ = {isa = PBXBuildFile; fileRef = 6EAC30BA1688BA2A00815B64 /* main.m */; };
		6EAC30BF1688BA2A00815B64 /* SPAppDelegate.m in Sources */ = {isa = PBXBuildFile; fileRef = 6EAC30BE1688BA2A00815B64 /* SPAppDelegate.m */; };
		6EAC30C11688BA2A00815B64 /* Default.png in Resources */ = {isa = PBXBuildFile; fileRef = 6EAC30C01688BA2A00815B64 /* Default.png */; };
		6EAC30C31688BA2A00815B64 /* Default@2x.png in Resources */ = {isa = PBXBuildFile; fileRef = 6EAC30C21688BA2A00815B64 /* Default@2x.png */; };
		6EAC30C51688BA2A00815B64 /* Default-568h@2x.png in Resources */ = {isa = PBXBuildFile; fileRef = 6EAC30C41688BA2A00815B64 /* Default-568h@2x.png */; };
		6EAC30C81688BA2A00815B64 /* MainStoryboard_iPhone.storyboard in Resources */ = {isa = PBXBuildFile; fileRef = 6EAC30C61688BA2A00815B64 /* MainStoryboard_iPhone.storyboard */; };
		6EAC30CB1688BA2A00815B64 /* MainStoryboard_iPad.storyboard in Resources */ = {isa = PBXBuildFile; fileRef = 6EAC30C91688BA2A00815B64 /* MainStoryboard_iPad.storyboard */; };
		6EAC30CE1688BA2A00815B64 /* SPViewController.m in Sources */ = {isa = PBXBuildFile; fileRef = 6EAC30CD1688BA2A00815B64 /* SPViewController.m */; };
		6EAC30E51688BBE100815B64 /* DDAbstractDatabaseLogger.m in Sources */ = {isa = PBXBuildFile; fileRef = 6EAC30D61688BBE100815B64 /* DDAbstractDatabaseLogger.m */; };
		6EAC30E61688BBE100815B64 /* DDASLLogger.m in Sources */ = {isa = PBXBuildFile; fileRef = 6EAC30D81688BBE100815B64 /* DDASLLogger.m */; };
		6EAC30E71688BBE100815B64 /* DDFileLogger.m in Sources */ = {isa = PBXBuildFile; fileRef = 6EAC30DA1688BBE100815B64 /* DDFileLogger.m */; };
		6EAC30E81688BBE100815B64 /* DDLog.m in Sources */ = {isa = PBXBuildFile; fileRef = 6EAC30DC1688BBE100815B64 /* DDLog.m */; };
		6EAC30E91688BBE100815B64 /* DDTTYLogger.m in Sources */ = {isa = PBXBuildFile; fileRef = 6EAC30DE1688BBE100815B64 /* DDTTYLogger.m */; };
		6EAC30EA1688BBE100815B64 /* ContextFilterLogFormatter.m in Sources */ = {isa = PBXBuildFile; fileRef = 6EAC30E11688BBE100815B64 /* ContextFilterLogFormatter.m */; };
		6EAC30EB1688BBE100815B64 /* DispatchQueueLogFormatter.m in Sources */ = {isa = PBXBuildFile; fileRef = 6EAC30E31688BBE100815B64 /* DispatchQueueLogFormatter.m */; };
		6EAC30EC1688BBE100815B64 /* README.txt in Resources */ = {isa = PBXBuildFile; fileRef = 6EAC30E41688BBE100815B64 /* README.txt */; };
/* End PBXBuildFile section */

/* Begin PBXFileReference section */
		6E8F19121688E8FB0065EDE8 /* ZUUIRevealController.h */ = {isa = PBXFileReference; fileEncoding = 4; lastKnownFileType = sourcecode.c.h; name = ZUUIRevealController.h; path = ../../ZUUIRevealController/ZUUIRevealController/ZUUIRevealController.h; sourceTree = "<group>"; };
		6E8F19131688E8FB0065EDE8 /* ZUUIRevealController.m */ = {isa = PBXFileReference; fileEncoding = 4; lastKnownFileType = sourcecode.c.objc; name = ZUUIRevealController.m; path = ../../ZUUIRevealController/ZUUIRevealController/ZUUIRevealController.m; sourceTree = "<group>"; };
		6E8F19151688F7E10065EDE8 /* WSRevealViewController.h */ = {isa = PBXFileReference; fileEncoding = 4; lastKnownFileType = sourcecode.c.h; path = WSRevealViewController.h; sourceTree = "<group>"; };
		6E8F19161688F7E10065EDE8 /* WSRevealViewController.m */ = {isa = PBXFileReference; fileEncoding = 4; lastKnownFileType = sourcecode.c.objc; path = WSRevealViewController.m; sourceTree = "<group>"; };
		6E8F1918168902AD0065EDE8 /* WSRearViewController.h */ = {isa = PBXFileReference; fileEncoding = 4; lastKnownFileType = sourcecode.c.h; path = WSRearViewController.h; sourceTree = "<group>"; };
		6E8F1919168902AD0065EDE8 /* WSRearViewController.m */ = {isa = PBXFileReference; fileEncoding = 4; lastKnownFileType = sourcecode.c.objc; path = WSRearViewController.m; sourceTree = "<group>"; };
		6E8F191A168902AD0065EDE8 /* WSFrontViewController.h */ = {isa = PBXFileReference; fileEncoding = 4; lastKnownFileType = sourcecode.c.h; path = WSFrontViewController.h; sourceTree = "<group>"; };
		6E8F191B168902AD0065EDE8 /* WSFrontViewController.m */ = {isa = PBXFileReference; fileEncoding = 4; lastKnownFileType = sourcecode.c.objc; path = WSFrontViewController.m; sourceTree = "<group>"; };
		6E8F191E1689043F0065EDE8 /* WSLogoView.h */ = {isa = PBXFileReference; fileEncoding = 4; lastKnownFileType = sourcecode.c.h; path = WSLogoView.h; sourceTree = "<group>"; };
		6E8F191F1689043F0065EDE8 /* WSLogoView.m */ = {isa = PBXFileReference; fileEncoding = 4; lastKnownFileType = sourcecode.c.objc; path = WSLogoView.m; sourceTree = "<group>"; };
		6E8F1920168904400065EDE8 /* WSLogoLabel.h */ = {isa = PBXFileReference; fileEncoding = 4; lastKnownFileType = sourcecode.c.h; path = WSLogoLabel.h; sourceTree = "<group>"; };
		6E8F1921168904400065EDE8 /* WSLogoLabel.m */ = {isa = PBXFileReference; fileEncoding = 4; lastKnownFileType = sourcecode.c.objc; path = WSLogoLabel.m; sourceTree = "<group>"; };
		6E8F1922168904400065EDE8 /* WSColorPalette.h */ = {isa = PBXFileReference; fileEncoding = 4; lastKnownFileType = sourcecode.c.h; path = WSColorPalette.h; sourceTree = "<group>"; };
		6E8F1923168904400065EDE8 /* WSColorPalette.m */ = {isa = PBXFileReference; fileEncoding = 4; lastKnownFileType = sourcecode.c.objc; path = WSColorPalette.m; sourceTree = "<group>"; };
		6E8F1924168904400065EDE8 /* CircleView.h */ = {isa = PBXFileReference; fileEncoding = 4; lastKnownFileType = sourcecode.c.h; path = CircleView.h; sourceTree = "<group>"; };
		6E8F1925168904400065EDE8 /* CircleView.m */ = {isa = PBXFileReference; fileEncoding = 4; lastKnownFileType = sourcecode.c.objc; path = CircleView.m; sourceTree = "<group>"; };
		6E8F192C168911B60065EDE8 /* Accelerate.framework */ = {isa = PBXFileReference; lastKnownFileType = wrapper.framework; name = Accelerate.framework; path = System/Library/Frameworks/Accelerate.framework; sourceTree = SDKROOT; };
		6E8F192D168911B60065EDE8 /* CFNetwork.framework */ = {isa = PBXFileReference; lastKnownFileType = wrapper.framework; name = CFNetwork.framework; path = System/Library/Frameworks/CFNetwork.framework; sourceTree = SDKROOT; };
		6E8F192E168911B60065EDE8 /* CoreBluetooth.framework */ = {isa = PBXFileReference; lastKnownFileType = wrapper.framework; name = CoreBluetooth.framework; path = System/Library/Frameworks/CoreBluetooth.framework; sourceTree = SDKROOT; };
		6E8F1932168912040065EDE8 /* CoreData.framework */ = {isa = PBXFileReference; lastKnownFileType = wrapper.framework; name = CoreData.framework; path = System/Library/Frameworks/CoreData.framework; sourceTree = SDKROOT; };
		6E8F1933168912050065EDE8 /* CoreLocation.framework */ = {isa = PBXFileReference; lastKnownFileType = wrapper.framework; name = CoreLocation.framework; path = System/Library/Frameworks/CoreLocation.framework; sourceTree = SDKROOT; };
		6E8F1934168912050065EDE8 /* CoreMotion.framework */ = {isa = PBXFileReference; lastKnownFileType = wrapper.framework; name = CoreMotion.framework; path = System/Library/Frameworks/CoreMotion.framework; sourceTree = SDKROOT; };
		6E8F1935168912050065EDE8 /* CoreTelephony.framework */ = {isa = PBXFileReference; lastKnownFileType = wrapper.framework; name = CoreTelephony.framework; path = System/Library/Frameworks/CoreTelephony.framework; sourceTree = SDKROOT; };
		6E8F1936168912050065EDE8 /* GameKit.framework */ = {isa = PBXFileReference; lastKnownFileType = wrapper.framework; name = GameKit.framework; path = System/Library/Frameworks/GameKit.framework; sourceTree = SDKROOT; };
		6E8F1937168912050065EDE8 /* MapKit.framework */ = {isa = PBXFileReference; lastKnownFileType = wrapper.framework; name = MapKit.framework; path = System/Library/Frameworks/MapKit.framework; sourceTree = SDKROOT; };
		6E8F1938168912050065EDE8 /* QuartzCore.framework */ = {isa = PBXFileReference; lastKnownFileType = wrapper.framework; name = QuartzCore.framework; path = System/Library/Frameworks/QuartzCore.framework; sourceTree = SDKROOT; };
		6E8F1939168912050065EDE8 /* Security.framework */ = {isa = PBXFileReference; lastKnownFileType = wrapper.framework; name = Security.framework; path = System/Library/Frameworks/Security.framework; sourceTree = SDKROOT; };
		6E8F193A168912050065EDE8 /* Social.framework */ = {isa = PBXFileReference; lastKnownFileType = wrapper.framework; name = Social.framework; path = System/Library/Frameworks/Social.framework; sourceTree = SDKROOT; };
		6E8F193B168912050065EDE8 /* Twitter.framework */ = {isa = PBXFileReference; lastKnownFileType = wrapper.framework; name = Twitter.framework; path = System/Library/Frameworks/Twitter.framework; sourceTree = SDKROOT; };
		6E8F19461689125D0065EDE8 /* libsqlite3.dylib */ = {isa = PBXFileReference; lastKnownFileType = "compiled.mach-o.dylib"; name = libsqlite3.dylib; path = usr/lib/libsqlite3.dylib; sourceTree = SDKROOT; };
		6E8F1948168912630065EDE8 /* libz.dylib */ = {isa = PBXFileReference; lastKnownFileType = "compiled.mach-o.dylib"; name = libz.dylib; path = usr/lib/libz.dylib; sourceTree = SDKROOT; };
		6E8F194A1689126F0065EDE8 /* libstdc++.dylib */ = {isa = PBXFileReference; lastKnownFileType = "compiled.mach-o.dylib"; name = "libstdc++.dylib"; path = "usr/lib/libstdc++.dylib"; sourceTree = SDKROOT; };
		6E8F194C168912AE0065EDE8 /* EventKit.framework */ = {isa = PBXFileReference; lastKnownFileType = wrapper.framework; name = EventKit.framework; path = System/Library/Frameworks/EventKit.framework; sourceTree = SDKROOT; };
		6E8F194D168912AE0065EDE8 /* EventKitUI.framework */ = {isa = PBXFileReference; lastKnownFileType = wrapper.framework; name = EventKitUI.framework; path = System/Library/Frameworks/EventKitUI.framework; sourceTree = SDKROOT; };
		6E8F1950168912CD0065EDE8 /* MessageUI.framework */ = {isa = PBXFileReference; lastKnownFileType = wrapper.framework; name = MessageUI.framework; path = System/Library/Frameworks/MessageUI.framework; sourceTree = SDKROOT; };
		6EAC30AB1688BA2A00815B64 /* StarterPack.app */ = {isa = PBXFileReference; explicitFileType = wrapper.application; includeInIndex = 0; path = StarterPack.app; sourceTree = BUILT_PRODUCTS_DIR; };
		6EAC30AE1688BA2A00815B64 /* UIKit.framework */ = {isa = PBXFileReference; lastKnownFileType = wrapper.framework; name = UIKit.framework; path = System/Library/Frameworks/UIKit.framework; sourceTree = SDKROOT; };
		6EAC30B01688BA2A00815B64 /* Foundation.framework */ = {isa = PBXFileReference; lastKnownFileType = wrapper.framework; name = Foundation.framework; path = System/Library/Frameworks/Foundation.framework; sourceTree = SDKROOT; };
		6EAC30B21688BA2A00815B64 /* CoreGraphics.framework */ = {isa = PBXFileReference; lastKnownFileType = wrapper.framework; name = CoreGraphics.framework; path = System/Library/Frameworks/CoreGraphics.framework; sourceTree = SDKROOT; };
		6EAC30B61688BA2A00815B64 /* StarterPack-Info.plist */ = {isa = PBXFileReference; lastKnownFileType = text.plist.xml; path = "StarterPack-Info.plist"; sourceTree = "<group>"; };
		6EAC30B81688BA2A00815B64 /* en */ = {isa = PBXFileReference; lastKnownFileType = text.plist.strings; name = en; path = en.lproj/InfoPlist.strings; sourceTree = "<group>"; };
		6EAC30BA1688BA2A00815B64 /* main.m */ = {isa = PBXFileReference; lastKnownFileType = sourcecode.c.objc; path = main.m; sourceTree = "<group>"; };
		6EAC30BC1688BA2A00815B64 /* StarterPack-Prefix.pch */ = {isa = PBXFileReference; lastKnownFileType = sourcecode.c.h; path = "StarterPack-Prefix.pch"; sourceTree = "<group>"; };
		6EAC30BD1688BA2A00815B64 /* SPAppDelegate.h */ = {isa = PBXFileReference; lastKnownFileType = sourcecode.c.h; path = SPAppDelegate.h; sourceTree = "<group>"; };
		6EAC30BE1688BA2A00815B64 /* SPAppDelegate.m */ = {isa = PBXFileReference; lastKnownFileType = sourcecode.c.objc; path = SPAppDelegate.m; sourceTree = "<group>"; };
		6EAC30C01688BA2A00815B64 /* Default.png */ = {isa = PBXFileReference; lastKnownFileType = image.png; path = Default.png; sourceTree = "<group>"; };
		6EAC30C21688BA2A00815B64 /* Default@2x.png */ = {isa = PBXFileReference; lastKnownFileType = image.png; path = "Default@2x.png"; sourceTree = "<group>"; };
		6EAC30C41688BA2A00815B64 /* Default-568h@2x.png */ = {isa = PBXFileReference; lastKnownFileType = image.png; path = "Default-568h@2x.png"; sourceTree = "<group>"; };
		6EAC30C71688BA2A00815B64 /* en */ = {isa = PBXFileReference; lastKnownFileType = file.storyboard; name = en; path = en.lproj/MainStoryboard_iPhone.storyboard; sourceTree = "<group>"; };
		6EAC30CA1688BA2A00815B64 /* en */ = {isa = PBXFileReference; lastKnownFileType = file.storyboard; name = en; path = en.lproj/MainStoryboard_iPad.storyboard; sourceTree = "<group>"; };
		6EAC30CC1688BA2A00815B64 /* SPViewController.h */ = {isa = PBXFileReference; lastKnownFileType = sourcecode.c.h; path = SPViewController.h; sourceTree = "<group>"; };
		6EAC30CD1688BA2A00815B64 /* SPViewController.m */ = {isa = PBXFileReference; lastKnownFileType = sourcecode.c.objc; path = SPViewController.m; sourceTree = "<group>"; };
		6EAC30D51688BBE100815B64 /* DDAbstractDatabaseLogger.h */ = {isa = PBXFileReference; fileEncoding = 4; lastKnownFileType = sourcecode.c.h; path = DDAbstractDatabaseLogger.h; sourceTree = "<group>"; };
		6EAC30D61688BBE100815B64 /* DDAbstractDatabaseLogger.m */ = {isa = PBXFileReference; fileEncoding = 4; lastKnownFileType = sourcecode.c.objc; path = DDAbstractDatabaseLogger.m; sourceTree = "<group>"; };
		6EAC30D71688BBE100815B64 /* DDASLLogger.h */ = {isa = PBXFileReference; fileEncoding = 4; lastKnownFileType = sourcecode.c.h; path = DDASLLogger.h; sourceTree = "<group>"; };
		6EAC30D81688BBE100815B64 /* DDASLLogger.m */ = {isa = PBXFileReference; fileEncoding = 4; lastKnownFileType = sourcecode.c.objc; path = DDASLLogger.m; sourceTree = "<group>"; };
		6EAC30D91688BBE100815B64 /* DDFileLogger.h */ = {isa = PBXFileReference; fileEncoding = 4; lastKnownFileType = sourcecode.c.h; path = DDFileLogger.h; sourceTree = "<group>"; };
		6EAC30DA1688BBE100815B64 /* DDFileLogger.m */ = {isa = PBXFileReference; fileEncoding = 4; lastKnownFileType = sourcecode.c.objc; path = DDFileLogger.m; sourceTree = "<group>"; };
		6EAC30DB1688BBE100815B64 /* DDLog.h */ = {isa = PBXFileReference; fileEncoding = 4; lastKnownFileType = sourcecode.c.h; path = DDLog.h; sourceTree = "<group>"; };
		6EAC30DC1688BBE100815B64 /* DDLog.m */ = {isa = PBXFileReference; fileEncoding = 4; lastKnownFileType = sourcecode.c.objc; path = DDLog.m; sourceTree = "<group>"; };
		6EAC30DD1688BBE100815B64 /* DDTTYLogger.h */ = {isa = PBXFileReference; fileEncoding = 4; lastKnownFileType = sourcecode.c.h; path = DDTTYLogger.h; sourceTree = "<group>"; };
		6EAC30DE1688BBE100815B64 /* DDTTYLogger.m */ = {isa = PBXFileReference; fileEncoding = 4; lastKnownFileType = sourcecode.c.objc; path = DDTTYLogger.m; sourceTree = "<group>"; };
		6EAC30E01688BBE100815B64 /* ContextFilterLogFormatter.h */ = {isa = PBXFileReference; fileEncoding = 4; lastKnownFileType = sourcecode.c.h; path = ContextFilterLogFormatter.h; sourceTree = "<group>"; };
		6EAC30E11688BBE100815B64 /* ContextFilterLogFormatter.m */ = {isa = PBXFileReference; fileEncoding = 4; lastKnownFileType = sourcecode.c.objc; path = ContextFilterLogFormatter.m; sourceTree = "<group>"; };
		6EAC30E21688BBE100815B64 /* DispatchQueueLogFormatter.h */ = {isa = PBXFileReference; fileEncoding = 4; lastKnownFileType = sourcecode.c.h; path = DispatchQueueLogFormatter.h; sourceTree = "<group>"; };
		6EAC30E31688BBE100815B64 /* DispatchQueueLogFormatter.m */ = {isa = PBXFileReference; fileEncoding = 4; lastKnownFileType = sourcecode.c.objc; path = DispatchQueueLogFormatter.m; sourceTree = "<group>"; };
		6EAC30E41688BBE100815B64 /* README.txt */ = {isa = PBXFileReference; fileEncoding = 4; lastKnownFileType = text; path = README.txt; sourceTree = "<group>"; };
/* End PBXFileReference section */

/* Begin PBXFrameworksBuildPhase section */
		6EAC30A81688BA2A00815B64 /* Frameworks */ = {
			isa = PBXFrameworksBuildPhase;
			buildActionMask = 2147483647;
			files = (
				6E8F1951168912CD0065EDE8 /* MessageUI.framework in Frameworks */,
				6E8F194E168912AE0065EDE8 /* EventKit.framework in Frameworks */,
				6E8F194F168912AE0065EDE8 /* EventKitUI.framework in Frameworks */,
				6E8F194B1689126F0065EDE8 /* libstdc++.dylib in Frameworks */,
				6E8F1949168912640065EDE8 /* libz.dylib in Frameworks */,
				6E8F19471689125D0065EDE8 /* libsqlite3.dylib in Frameworks */,
				6E8F193C168912050065EDE8 /* CoreData.framework in Frameworks */,
				6E8F193D168912050065EDE8 /* CoreLocation.framework in Frameworks */,
				6E8F193E168912050065EDE8 /* CoreMotion.framework in Frameworks */,
				6E8F193F168912050065EDE8 /* CoreTelephony.framework in Frameworks */,
				6E8F1940168912050065EDE8 /* GameKit.framework in Frameworks */,
				6E8F1941168912050065EDE8 /* MapKit.framework in Frameworks */,
				6E8F1942168912050065EDE8 /* QuartzCore.framework in Frameworks */,
				6E8F1943168912050065EDE8 /* Security.framework in Frameworks */,
				6E8F1944168912050065EDE8 /* Social.framework in Frameworks */,
				6E8F1945168912050065EDE8 /* Twitter.framework in Frameworks */,
				6E8F192F168911B60065EDE8 /* Accelerate.framework in Frameworks */,
				6E8F1930168911B60065EDE8 /* CFNetwork.framework in Frameworks */,
				6E8F1931168911B60065EDE8 /* CoreBluetooth.framework in Frameworks */,
				6EAC30AF1688BA2A00815B64 /* UIKit.framework in Frameworks */,
				6EAC30B11688BA2A00815B64 /* Foundation.framework in Frameworks */,
				6EAC30B31688BA2A00815B64 /* CoreGraphics.framework in Frameworks */,
			);
			runOnlyForDeploymentPostprocessing = 0;
		};
/* End PBXFrameworksBuildPhase section */

/* Begin PBXGroup section */
		6E8F192A168904490065EDE8 /* WSLogo */ = {
			isa = PBXGroup;
			children = (
				6E8F191E1689043F0065EDE8 /* WSLogoView.h */,
				6E8F191F1689043F0065EDE8 /* WSLogoView.m */,
				6E8F1920168904400065EDE8 /* WSLogoLabel.h */,
				6E8F1921168904400065EDE8 /* WSLogoLabel.m */,
				6E8F1922168904400065EDE8 /* WSColorPalette.h */,
				6E8F1923168904400065EDE8 /* WSColorPalette.m */,
				6E8F1924168904400065EDE8 /* CircleView.h */,
				6E8F1925168904400065EDE8 /* CircleView.m */,
			);
			name = WSLogo;
			sourceTree = "<group>";
		};
		6E8F192B168904570065EDE8 /* WSRevealController */ = {
			isa = PBXGroup;
			children = (
				6E8F19121688E8FB0065EDE8 /* ZUUIRevealController.h */,
				6E8F19131688E8FB0065EDE8 /* ZUUIRevealController.m */,
				6E8F19151688F7E10065EDE8 /* WSRevealViewController.h */,
				6E8F19161688F7E10065EDE8 /* WSRevealViewController.m */,
				6E8F1918168902AD0065EDE8 /* WSRearViewController.h */,
				6E8F1919168902AD0065EDE8 /* WSRearViewController.m */,
				6E8F191A168902AD0065EDE8 /* WSFrontViewController.h */,
				6E8F191B168902AD0065EDE8 /* WSFrontViewController.m */,
			);
			name = WSRevealController;
			sourceTree = "<group>";
		};
		6EAC30A21688BA2900815B64 = {
			isa = PBXGroup;
			children = (
				6EAC30B41688BA2A00815B64 /* StarterPack */,
				6EAC30AD1688BA2A00815B64 /* Frameworks */,
				6EAC30AC1688BA2A00815B64 /* Products */,
			);
			sourceTree = "<group>";
		};
		6EAC30AC1688BA2A00815B64 /* Products */ = {
			isa = PBXGroup;
			children = (
				6EAC30AB1688BA2A00815B64 /* StarterPack.app */,
			);
			name = Products;
			sourceTree = "<group>";
		};
		6EAC30AD1688BA2A00815B64 /* Frameworks */ = {
			isa = PBXGroup;
			children = (
				6E8F19461689125D0065EDE8 /* libsqlite3.dylib */,
				6E8F194A1689126F0065EDE8 /* libstdc++.dylib */,
				6E8F1948168912630065EDE8 /* libz.dylib */,
				6E8F192C168911B60065EDE8 /* Accelerate.framework */,
				6E8F192D168911B60065EDE8 /* CFNetwork.framework */,
				6E8F192E168911B60065EDE8 /* CoreBluetooth.framework */,
				6E8F1932168912040065EDE8 /* CoreData.framework */,
				6EAC30B21688BA2A00815B64 /* CoreGraphics.framework */,
				6E8F1933168912050065EDE8 /* CoreLocation.framework */,
				6E8F1934168912050065EDE8 /* CoreMotion.framework */,
				6E8F1935168912050065EDE8 /* CoreTelephony.framework */,
				6E8F194C168912AE0065EDE8 /* EventKit.framework */,
				6E8F194D168912AE0065EDE8 /* EventKitUI.framework */,
				6EAC30B01688BA2A00815B64 /* Foundation.framework */,
				6E8F1936168912050065EDE8 /* GameKit.framework */,
				6E8F1937168912050065EDE8 /* MapKit.framework */,
				6E8F1950168912CD0065EDE8 /* MessageUI.framework */,
				6E8F1938168912050065EDE8 /* QuartzCore.framework */,
				6E8F1939168912050065EDE8 /* Security.framework */,
				6E8F193A168912050065EDE8 /* Social.framework */,
				6E8F193B168912050065EDE8 /* Twitter.framework */,
				6EAC30AE1688BA2A00815B64 /* UIKit.framework */,
				6EAC30D41688BBE100815B64 /* Lumberjack */,
			);
			name = Frameworks;
			sourceTree = "<group>";
		};
		6EAC30B41688BA2A00815B64 /* StarterPack */ = {
			isa = PBXGroup;
			children = (
				6EAC30BD1688BA2A00815B64 /* SPAppDelegate.h */,
				6EAC30BE1688BA2A00815B64 /* SPAppDelegate.m */,
				6EAC30C61688BA2A00815B64 /* MainStoryboard_iPhone.storyboard */,
				6EAC30C91688BA2A00815B64 /* MainStoryboard_iPad.storyboard */,
				6EAC30CC1688BA2A00815B64 /* SPViewController.h */,
				6EAC30CD1688BA2A00815B64 /* SPViewController.m */,
				6E8F192B168904570065EDE8 /* WSRevealController */,
				6E8F192A168904490065EDE8 /* WSLogo */,
				6EAC30B51688BA2A00815B64 /* Supporting Files */,
			);
			path = StarterPack;
			sourceTree = "<group>";
		};
		6EAC30B51688BA2A00815B64 /* Supporting Files */ = {
			isa = PBXGroup;
			children = (
				6EAC30B61688BA2A00815B64 /* StarterPack-Info.plist */,
				6EAC30B71688BA2A00815B64 /* InfoPlist.strings */,
				6EAC30BA1688BA2A00815B64 /* main.m */,
				6EAC30BC1688BA2A00815B64 /* StarterPack-Prefix.pch */,
				6EAC30C01688BA2A00815B64 /* Default.png */,
				6EAC30C21688BA2A00815B64 /* Default@2x.png */,
				6EAC30C41688BA2A00815B64 /* Default-568h@2x.png */,
			);
			name = "Supporting Files";
			sourceTree = "<group>";
		};
		6EAC30D41688BBE100815B64 /* Lumberjack */ = {
			isa = PBXGroup;
			children = (
				6EAC30D51688BBE100815B64 /* DDAbstractDatabaseLogger.h */,
				6EAC30D61688BBE100815B64 /* DDAbstractDatabaseLogger.m */,
				6EAC30D71688BBE100815B64 /* DDASLLogger.h */,
				6EAC30D81688BBE100815B64 /* DDASLLogger.m */,
				6EAC30D91688BBE100815B64 /* DDFileLogger.h */,
				6EAC30DA1688BBE100815B64 /* DDFileLogger.m */,
				6EAC30DB1688BBE100815B64 /* DDLog.h */,
				6EAC30DC1688BBE100815B64 /* DDLog.m */,
				6EAC30DD1688BBE100815B64 /* DDTTYLogger.h */,
				6EAC30DE1688BBE100815B64 /* DDTTYLogger.m */,
				6EAC30DF1688BBE100815B64 /* Extensions */,
			);
			name = Lumberjack;
			path = CocoaLumberjack/Lumberjack;
			sourceTree = "<group>";
		};
		6EAC30DF1688BBE100815B64 /* Extensions */ = {
			isa = PBXGroup;
			children = (
				6EAC30E01688BBE100815B64 /* ContextFilterLogFormatter.h */,
				6EAC30E11688BBE100815B64 /* ContextFilterLogFormatter.m */,
				6EAC30E21688BBE100815B64 /* DispatchQueueLogFormatter.h */,
				6EAC30E31688BBE100815B64 /* DispatchQueueLogFormatter.m */,
				6EAC30E41688BBE100815B64 /* README.txt */,
			);
			path = Extensions;
			sourceTree = "<group>";
		};
/* End PBXGroup section */

/* Begin PBXNativeTarget section */
		6EAC30AA1688BA2A00815B64 /* StarterPack */ = {
			isa = PBXNativeTarget;
			buildConfigurationList = 6EAC30D11688BA2A00815B64 /* Build configuration list for PBXNativeTarget "StarterPack" */;
			buildPhases = (
				6EAC30A71688BA2A00815B64 /* Sources */,
				6EAC30A81688BA2A00815B64 /* Frameworks */,
				6EAC30A91688BA2A00815B64 /* Resources */,
			);
			buildRules = (
			);
			dependencies = (
			);
			name = StarterPack;
			productName = StarterPack;
			productReference = 6EAC30AB1688BA2A00815B64 /* StarterPack.app */;
			productType = "com.apple.product-type.application";
		};
/* End PBXNativeTarget section */

/* Begin PBXProject section */
		6EAC30A31688BA2900815B64 /* Project object */ = {
			isa = PBXProject;
			attributes = {
				CLASSPREFIX = SP;
				LastUpgradeCheck = 0460;
				ORGANIZATIONNAME = wrkstrm;
			};
			buildConfigurationList = 6EAC30A61688BA2900815B64 /* Build configuration list for PBXProject "StarterPack" */;
			compatibilityVersion = "Xcode 3.2";
			developmentRegion = English;
			hasScannedForEncodings = 0;
			knownRegions = (
				en,
			);
			mainGroup = 6EAC30A21688BA2900815B64;
			productRefGroup = 6EAC30AC1688BA2A00815B64 /* Products */;
			projectDirPath = "";
			projectRoot = "";
			targets = (
				6EAC30AA1688BA2A00815B64 /* StarterPack */,
			);
		};
/* End PBXProject section */

/* Begin PBXResourcesBuildPhase section */
		6EAC30A91688BA2A00815B64 /* Resources */ = {
			isa = PBXResourcesBuildPhase;
			buildActionMask = 2147483647;
			files = (
				6EAC30B91688BA2A00815B64 /* InfoPlist.strings in Resources */,
				6EAC30C11688BA2A00815B64 /* Default.png in Resources */,
				6EAC30C31688BA2A00815B64 /* Default@2x.png in Resources */,
				6EAC30C51688BA2A00815B64 /* Default-568h@2x.png in Resources */,
				6EAC30C81688BA2A00815B64 /* MainStoryboard_iPhone.storyboard in Resources */,
				6EAC30CB1688BA2A00815B64 /* MainStoryboard_iPad.storyboard in Resources */,
				6EAC30EC1688BBE100815B64 /* README.txt in Resources */,
			);
			runOnlyForDeploymentPostprocessing = 0;
		};
/* End PBXResourcesBuildPhase section */

/* Begin PBXSourcesBuildPhase section */
		6EAC30A71688BA2A00815B64 /* Sources */ = {
			isa = PBXSourcesBuildPhase;
			buildActionMask = 2147483647;
			files = (
				6EAC30BB1688BA2A00815B64 /* main.m in Sources */,
				6EAC30BF1688BA2A00815B64 /* SPAppDelegate.m in Sources */,
				6EAC30CE1688BA2A00815B64 /* SPViewController.m in Sources */,
				6EAC30E51688BBE100815B64 /* DDAbstractDatabaseLogger.m in Sources */,
				6EAC30E61688BBE100815B64 /* DDASLLogger.m in Sources */,
				6EAC30E71688BBE100815B64 /* DDFileLogger.m in Sources */,
				6EAC30E81688BBE100815B64 /* DDLog.m in Sources */,
				6EAC30E91688BBE100815B64 /* DDTTYLogger.m in Sources */,
				6EAC30EA1688BBE100815B64 /* ContextFilterLogFormatter.m in Sources */,
				6EAC30EB1688BBE100815B64 /* DispatchQueueLogFormatter.m in Sources */,
				6E8F19141688E8FB0065EDE8 /* ZUUIRevealController.m in Sources */,
				6E8F19171688F7E10065EDE8 /* WSRevealViewController.m in Sources */,
				6E8F191C168902AD0065EDE8 /* WSRearViewController.m in Sources */,
				6E8F191D168902AD0065EDE8 /* WSFrontViewController.m in Sources */,
				6E8F1926168904400065EDE8 /* WSLogoView.m in Sources */,
				6E8F1927168904400065EDE8 /* WSLogoLabel.m in Sources */,
				6E8F1928168904400065EDE8 /* WSColorPalette.m in Sources */,
				6E8F1929168904400065EDE8 /* CircleView.m in Sources */,
			);
			runOnlyForDeploymentPostprocessing = 0;
		};
/* End PBXSourcesBuildPhase section */

/* Begin PBXVariantGroup section */
		6EAC30B71688BA2A00815B64 /* InfoPlist.strings */ = {
			isa = PBXVariantGroup;
			children = (
				6EAC30B81688BA2A00815B64 /* en */,
			);
			name = InfoPlist.strings;
			sourceTree = "<group>";
		};
		6EAC30C61688BA2A00815B64 /* MainStoryboard_iPhone.storyboard */ = {
			isa = PBXVariantGroup;
			children = (
				6EAC30C71688BA2A00815B64 /* en */,
			);
			name = MainStoryboard_iPhone.storyboard;
			sourceTree = "<group>";
		};
		6EAC30C91688BA2A00815B64 /* MainStoryboard_iPad.storyboard */ = {
			isa = PBXVariantGroup;
			children = (
				6EAC30CA1688BA2A00815B64 /* en */,
			);
			name = MainStoryboard_iPad.storyboard;
			sourceTree = "<group>";
		};
/* End PBXVariantGroup section */

/* Begin XCBuildConfiguration section */
		6EAC30CF1688BA2A00815B64 /* Debug */ = {
			isa = XCBuildConfiguration;
			buildSettings = {
				ALWAYS_SEARCH_USER_PATHS = NO;
				CLANG_CXX_LANGUAGE_STANDARD = "gnu++0x";
				CLANG_CXX_LIBRARY = "libc++";
				CLANG_ENABLE_OBJC_ARC = YES;
				CLANG_WARN_CONSTANT_CONVERSION = YES;
				CLANG_WARN_EMPTY_BODY = YES;
				CLANG_WARN_ENUM_CONVERSION = YES;
				CLANG_WARN_INT_CONVERSION = YES;
				CLANG_WARN__DUPLICATE_METHOD_MATCH = YES;
				"CODE_SIGN_IDENTITY[sdk=iphoneos*]" = "iPhone Developer";
				COPY_PHASE_STRIP = NO;
				GCC_C_LANGUAGE_STANDARD = gnu99;
				GCC_DYNAMIC_NO_PIC = NO;
				GCC_OPTIMIZATION_LEVEL = 0;
				GCC_PREPROCESSOR_DEFINITIONS = (
					"DEBUG=1",
					"$(inherited)",
				);
				GCC_SYMBOLS_PRIVATE_EXTERN = NO;
				GCC_WARN_ABOUT_RETURN_TYPE = YES;
				GCC_WARN_UNINITIALIZED_AUTOS = YES;
				GCC_WARN_UNUSED_VARIABLE = YES;
				IPHONEOS_DEPLOYMENT_TARGET = 6.1;
				ONLY_ACTIVE_ARCH = YES;
				SDKROOT = iphoneos;
				TARGETED_DEVICE_FAMILY = "1,2";
			};
			name = Debug;
		};
		6EAC30D01688BA2A00815B64 /* Release */ = {
			isa = XCBuildConfiguration;
			buildSettings = {
				ALWAYS_SEARCH_USER_PATHS = NO;
				CLANG_CXX_LANGUAGE_STANDARD = "gnu++0x";
				CLANG_CXX_LIBRARY = "libc++";
				CLANG_ENABLE_OBJC_ARC = YES;
				CLANG_WARN_CONSTANT_CONVERSION = YES;
				CLANG_WARN_EMPTY_BODY = YES;
				CLANG_WARN_ENUM_CONVERSION = YES;
				CLANG_WARN_INT_CONVERSION = YES;
				CLANG_WARN__DUPLICATE_METHOD_MATCH = YES;
				"CODE_SIGN_IDENTITY[sdk=iphoneos*]" = "iPhone Developer";
				COPY_PHASE_STRIP = YES;
				GCC_C_LANGUAGE_STANDARD = gnu99;
				GCC_WARN_ABOUT_RETURN_TYPE = YES;
				GCC_WARN_UNINITIALIZED_AUTOS = YES;
				GCC_WARN_UNUSED_VARIABLE = YES;
				IPHONEOS_DEPLOYMENT_TARGET = 6.1;
				OTHER_CFLAGS = "-DNS_BLOCK_ASSERTIONS=1";
				SDKROOT = iphoneos;
				TARGETED_DEVICE_FAMILY = "1,2";
				VALIDATE_PRODUCT = YES;
			};
			name = Release;
		};
		6EAC30D21688BA2A00815B64 /* Debug */ = {
			isa = XCBuildConfiguration;
			buildSettings = {
				ALWAYS_SEARCH_USER_PATHS = YES;
				GCC_PRECOMPILE_PREFIX_HEADER = YES;
				GCC_PREFIX_HEADER = "StarterPack/StarterPack-Prefix.pch";
				INFOPLIST_FILE = "StarterPack/StarterPack-Info.plist";
				OTHER_LDFLAGS = "-ObjC";
				PRODUCT_NAME = "$(TARGET_NAME)";
				USER_HEADER_SEARCH_PATHS = "\"${PROJECT_DIR}/CocoaLumberjack/Lumberjack\"/**";
				WRAPPER_EXTENSION = app;
			};
			name = Debug;
		};
		6EAC30D31688BA2A00815B64 /* Release */ = {
			isa = XCBuildConfiguration;
			buildSettings = {
				ALWAYS_SEARCH_USER_PATHS = YES;
				GCC_PRECOMPILE_PREFIX_HEADER = YES;
				GCC_PREFIX_HEADER = "StarterPack/StarterPack-Prefix.pch";
				INFOPLIST_FILE = "StarterPack/StarterPack-Info.plist";
				OTHER_LDFLAGS = "-ObjC";
				PRODUCT_NAME = "$(TARGET_NAME)";
				USER_HEADER_SEARCH_PATHS = "\"${PROJECT_DIR}/CocoaLumberjack/Lumberjack\"/**";
				WRAPPER_EXTENSION = app;
			};
			name = Release;
		};
/* End XCBuildConfiguration section */

/* Begin XCConfigurationList section */
		6EAC30A61688BA2900815B64 /* Build configuration list for PBXProject "StarterPack" */ = {
			isa = XCConfigurationList;
			buildConfigurations = (
				6EAC30CF1688BA2A00815B64 /* Debug */,
				6EAC30D01688BA2A00815B64 /* Release */,
			);
			defaultConfigurationIsVisible = 0;
			defaultConfigurationName = Release;
		};
		6EAC30D11688BA2A00815B64 /* Build configuration list for PBXNativeTarget "StarterPack" */ = {
			isa = XCConfigurationList;
			buildConfigurations = (
				6EAC30D21688BA2A00815B64 /* Debug */,
				6EAC30D31688BA2A00815B64 /* Release */,
			);
			defaultConfigurationIsVisible = 0;
			defaultConfigurationName = Release;
		};
/* End XCConfigurationList section */
	};
	rootObject = 6EAC30A31688BA2900815B64 /* Project object */;
}
